
Microsoft Visual Studio Solution File, Format Version 12.00
# Visual Studio Version 17
VisualStudioVersion = 17.6.33723.286
MinimumVisualStudioVersion = 10.0.40219.1
Project("{FAE04EC0-301F-11D3-BF4B-00C04F79EFBC}") = "QTLSecure", "QTLSecure.csproj", "{0AE61146-ADCB-453F-BF1A-A4FE645BF3EC}"
EndProject
Global
	GlobalSection(SolutionConfigurationPlatforms) = preSolution
		Debug|Any CPU = Debug|Any CPU
		Release|Any CPU = Release|Any CPU
	EndGlobalSection
	GlobalSection(ProjectConfigurationPlatforms) = postSolution
		{0AE61146-ADCB-453F-BF1A-A4FE645BF3EC}.Debug|Any CPU.ActiveCfg = Debug|Any CPU
		{0AE61146-ADCB-453F-BF1A-A4FE645BF3EC}.Debug|Any CPU.Build.0 = Debug|Any CPU
		{0AE61146-ADCB-453F-BF1A-A4FE645BF3EC}.Release|Any CPU.ActiveCfg = Release|Any CPU
		{0AE61146-ADCB-453F-BF1A-A4FE645BF3EC}.Release|Any CPU.Build.0 = Release|Any CPU
	EndGlobalSection
	GlobalSection(SolutionProperties) = preSolution
		HideSolutionNode = FALSE
	EndGlobalSection
	GlobalSection(ExtensibilityGlobals) = postSolution
		SolutionGuid = {EA4CBABD-FC85-4F29-B3F5-8E1AA28DE8BE}
	EndGlobalSection
EndGlobal
